[[package]]
name = "anyascii"
version = "0.3.1"
description = "Unicode to ASCII transliteration"
category = "main"
optional = false
python-versions = ">=3.3"

[[package]]
name = "black"
version = "22.8.0"
description = "The uncompromising code formatter."
category = "dev"
optional = false
python-versions = ">=3.6.2"

[package.dependencies]
click = ">=8.0.0"
mypy-extensions = ">=0.4.3"
pathspec = ">=0.9.0"
platformdirs = ">=2"
tomli = {version = ">=1.1.0", markers = "python_full_version < \"3.11.0a7\""}
typing-extensions = {version = ">=3.10.0.0", markers = "python_version < \"3.10\""}

[package.extras]
colorama = ["colorama (>=0.4.3)"]
d = ["aiohttp (>=3.7.4)"]
jupyter = ["ipython (>=7.8.0)", "tokenize-rt (>=3.2.0)"]
uvloop = ["uvloop (>=0.15.2)"]

[[package]]
name = "click"
version = "8.1.3"
description = "Composable command line interface toolkit"
category = "main"
optional = false
python-versions = ">=3.7"

[package.dependencies]
colorama = {version = "*", markers = "platform_system == \"Windows\""}

[[package]]
name = "colorama"
version = "0.4.5"
description = "Cross-platform colored terminal text."
category = "main"
optional = false
python-versions = ">=2.7, !=3.0.*, !=3.1.*, !=3.2.*, !=3.3.*, !=3.4.*"

[[package]]
name = "contractions"
version = "0.1.72"
description = "Fixes contractions such as `you're` to you `are`"
category = "main"
optional = false
python-versions = "*"

[package.dependencies]
textsearch = ">=0.0.21"

[[package]]
name = "inquirerpy"
version = "0.3.4"
description = "Python port of Inquirer.js (A collection of common interactive command-line user interfaces)"
category = "main"
optional = false
python-versions = ">=3.7,<4.0"

[package.dependencies]
pfzy = ">=0.3.1,<0.4.0"
prompt-toolkit = ">=3.0.1,<4.0.0"

[package.extras]
docs = ["Sphinx (>=4.1.2,<5.0.0)", "furo (>=2021.8.17-beta.43,<2022.0.0)", "myst-parser (>=0.15.1,<0.16.0)", "sphinx-autobuild (>=2021.3.14,<2022.0.0)", "sphinx-copybutton (>=0.4.0,<0.5.0)"]

[[package]]
name = "isort"
version = "5.10.1"
description = "A Python utility / library to sort Python imports."
category = "dev"
optional = false
python-versions = ">=3.6.1,<4.0"

[package.extras]
colors = ["colorama (>=0.4.3,<0.5.0)"]
pipfile_deprecated_finder = ["pipreqs", "requirementslib"]
plugins = ["setuptools"]
requirements_deprecated_finder = ["pip-api", "pipreqs"]

[[package]]
name = "joblib"
version = "1.1.0"
description = "Lightweight pipelining with Python functions"
category = "main"
optional = false
python-versions = ">=3.6"

[[package]]
name = "mypy-extensions"
version = "0.4.3"
description = "Experimental type system extensions for programs checked with the mypy typechecker."
category = "dev"
optional = false
python-versions = "*"

[[package]]
name = "nltk"
version = "3.7"
description = "Natural Language Toolkit"
category = "main"
optional = false
python-versions = ">=3.7"

[package.dependencies]
click = "*"
joblib = "*"
regex = ">=2021.8.3"
tqdm = "*"

[package.extras]
all = ["matplotlib", "numpy", "pyparsing", "python-crfsuite", "requests", "scikit-learn", "scipy", "twython"]
corenlp = ["requests"]
machine_learning = ["numpy", "python-crfsuite", "scikit-learn", "scipy"]
plot = ["matplotlib"]
tgrep = ["pyparsing"]
twitter = ["twython"]

[[package]]
name = "pathspec"
version = "0.10.1"
description = "Utility library for gitignore style pattern matching of file paths."
category = "dev"
optional = false
python-versions = ">=3.7"

[[package]]
name = "pfzy"
version = "0.3.4"
description = "Python port of the fzy fuzzy string matching algorithm"
category = "main"
optional = false
python-versions = ">=3.7,<4.0"

[package.extras]
docs = ["Sphinx (>=4.1.2,<5.0.0)", "furo (>=2021.8.17-beta.43,<2022.0.0)", "myst-parser (>=0.15.1,<0.16.0)", "sphinx-autobuild (>=2021.3.14,<2022.0.0)", "sphinx-copybutton (>=0.4.0,<0.5.0)"]

[[package]]
name = "platformdirs"
version = "2.5.2"
description = "A small Python module for determining appropriate platform-specific dirs, e.g. a \"user data dir\"."
category = "dev"
optional = false
python-versions = ">=3.7"

[package.extras]
docs = ["furo (>=2021.7.5b38)", "proselint (>=0.10.2)", "sphinx (>=4)", "sphinx-autodoc-typehints (>=1.12)"]
test = ["appdirs (==1.4.4)", "pytest (>=6)", "pytest-cov (>=2.7)", "pytest-mock (>=3.6)"]

[[package]]
name = "prompt-toolkit"
version = "3.0.31"
description = "Library for building powerful interactive command lines in Python"
category = "main"
optional = false
python-versions = ">=3.6.2"

[package.dependencies]
wcwidth = "*"

[[package]]
name = "pyahocorasick"
version = "1.4.4"
description = "pyahocorasick is a fast and memory efficient library for exact or approximate multi-pattern string search.  With the \"ahocorasick.Automaton\" class, you can find multiple key string occurrences at once in some input text.  You can use it as a plain dict-like Trie or convert a Trie to an automaton for efficient Aho-Corasick search. And pickle to disk for easy reuse of large automatons. Implemented in C and tested on Python 3.6+. Works on Linux, macOS and Windows. BSD-3-Cause license."
category = "main"
optional = false
python-versions = "*"

[[package]]
name = "pyspellchecker"
version = "0.7.0"
description = "Pure python spell checker based on work by Peter Norvig"
category = "main"
optional = false
python-versions = "*"

[[package]]
name = "regex"
version = "2022.8.17"
description = "Alternative regular expression module, to replace re."
category = "main"
optional = false
python-versions = ">=3.6"

[[package]]
name = "termcolor-whl"
version = "1.1.2"
description = "ANSI Color formatting for output in terminal, successor to termcolor (has wheels!)"
category = "main"
optional = false
python-versions = ">=2.6"

[[package]]
name = "textsearch"
version = "0.0.24"
description = "Find strings/words in text; convenience and C speed"
category = "main"
optional = false
python-versions = "*"

[package.dependencies]
anyascii = "*"
pyahocorasick = "*"

[[package]]
name = "tomli"
version = "2.0.1"
description = "A lil' TOML parser"
category = "dev"
optional = false
python-versions = ">=3.7"

[[package]]
name = "tqdm"
version = "4.64.1"
description = "Fast, Extensible Progress Meter"
category = "main"
optional = false
python-versions = "!=3.0.*,!=3.1.*,!=3.2.*,!=3.3.*,>=2.7"

[package.dependencies]
colorama = {version = "*", markers = "platform_system == \"Windows\""}

[package.extras]
dev = ["py-make (>=0.1.0)", "twine", "wheel"]
notebook = ["ipywidgets (>=6)"]
slack = ["slack-sdk"]
telegram = ["requests"]

[[package]]
name = "typer"
version = "0.6.1"
description = "Typer, build great CLIs. Easy to code. Based on Python type hints."
category = "main"
optional = false
python-versions = ">=3.6"

[package.dependencies]
click = ">=7.1.1,<9.0.0"

[package.extras]
all = ["colorama (>=0.4.3,<0.5.0)", "rich (>=10.11.0,<13.0.0)", "shellingham (>=1.3.0,<2.0.0)"]
dev = ["autoflake (>=1.3.1,<2.0.0)", "flake8 (>=3.8.3,<4.0.0)", "pre-commit (>=2.17.0,<3.0.0)"]
doc = ["mdx-include (>=1.4.1,<2.0.0)", "mkdocs (>=1.1.2,<2.0.0)", "mkdocs-material (>=8.1.4,<9.0.0)"]
test = ["black (>=22.3.0,<23.0.0)", "coverage (>=5.2,<6.0)", "isort (>=5.0.6,<6.0.0)", "mypy (==0.910)", "pytest (>=4.4.0,<5.4.0)", "pytest-cov (>=2.10.0,<3.0.0)", "pytest-sugar (>=0.9.4,<0.10.0)", "pytest-xdist (>=1.32.0,<2.0.0)", "rich (>=10.11.0,<13.0.0)", "shellingham (>=1.3.0,<2.0.0)"]

[[package]]
name = "typing-extensions"
version = "4.3.0"
description = "Backported and Experimental Type Hints for Python 3.7+"
category = "dev"
optional = false
python-versions = ">=3.7"

[[package]]
name = "wcwidth"
version = "0.2.5"
description = "Measures the displayed width of unicode strings in a terminal"
category = "main"
optional = false
python-versions = "*"

[[package]]
name = "yaspin"
version = "2.2.0"
description = "Yet Another Terminal Spinner"
category = "main"
optional = false
python-versions = ">=3.7.2,<4.0.0"

[package.dependencies]
termcolor-whl = "1.1.2"

[metadata]
lock-version = "1.1"
python-versions = "^3.9"
content-hash = "63c7c31454e4ec7c3a0af0442b0df3c31e4145e19bf3a131e5425300bc0c7171"

[metadata.files]
anyascii = [
    {file = "anyascii-0.3.1-py3-none-any.whl", hash = "sha256:8707d3185017435933360462a65e2c70a4818490745804f38a5ca55e59eb56a0"},
    {file = "anyascii-0.3.1.tar.gz", hash = "sha256:dedf57728206e286c91eed7c759505a5e45c8cd01367dd40c2f7248bb15c11f6"},
]
black = [
    {file = "black-22.8.0-cp310-cp310-macosx_10_9_universal2.whl", hash = "sha256:ce957f1d6b78a8a231b18e0dd2d94a33d2ba738cd88a7fe64f53f659eea49fdd"},
    {file = "black-22.8.0-cp310-cp310-macosx_10_9_x86_64.whl", hash = "sha256:5107ea36b2b61917956d018bd25129baf9ad1125e39324a9b18248d362156a27"},
    {file = "black-22.8.0-cp310-cp310-macosx_11_0_arm64.whl", hash = "sha256:e8166b7bfe5dcb56d325385bd1d1e0f635f24aae14b3ae437102dedc0c186747"},
    {file = "black-22.8.0-cp310-cp310-manylinux_2_17_x86_64.manylinux2014_x86_64.whl", hash = "sha256:dd82842bb272297503cbec1a2600b6bfb338dae017186f8f215c8958f8acf869"},
    {file = "black-22.8.0-cp310-cp310-win_amd64.whl", hash = "sha256:d839150f61d09e7217f52917259831fe2b689f5c8e5e32611736351b89bb2a90"},
    {file = "black-22.8.0-cp36-cp36m-macosx_10_9_x86_64.whl", hash = "sha256:a05da0430bd5ced89176db098567973be52ce175a55677436a271102d7eaa3fe"},
    {file = "black-22.8.0-cp36-cp36m-manylinux_2_17_x86_64.manylinux2014_x86_64.whl", hash = "sha256:4a098a69a02596e1f2a58a2a1c8d5a05d5a74461af552b371e82f9fa4ada8342"},
    {file = "black-22.8.0-cp36-cp36m-win_amd64.whl", hash = "sha256:5594efbdc35426e35a7defa1ea1a1cb97c7dbd34c0e49af7fb593a36bd45edab"},
    {file = "black-22.8.0-cp37-cp37m-macosx_10_9_x86_64.whl", hash = "sha256:a983526af1bea1e4cf6768e649990f28ee4f4137266921c2c3cee8116ae42ec3"},
    {file = "black-22.8.0-cp37-cp37m-manylinux_2_17_x86_64.manylinux2014_x86_64.whl", hash = "sha256:3b2c25f8dea5e8444bdc6788a2f543e1fb01494e144480bc17f806178378005e"},
    {file = "black-22.8.0-cp37-cp37m-win_amd64.whl", hash = "sha256:78dd85caaab7c3153054756b9fe8c611efa63d9e7aecfa33e533060cb14b6d16"},
    {file = "black-22.8.0-cp38-cp38-macosx_10_9_universal2.whl", hash = "sha256:cea1b2542d4e2c02c332e83150e41e3ca80dc0fb8de20df3c5e98e242156222c"},
    {file = "black-22.8.0-cp38-cp38-macosx_10_9_x86_64.whl", hash = "sha256:5b879eb439094751185d1cfdca43023bc6786bd3c60372462b6f051efa6281a5"},
    {file = "black-22.8.0-cp38-cp38-macosx_11_0_arm64.whl", hash = "sha256:0a12e4e1353819af41df998b02c6742643cfef58282915f781d0e4dd7a200411"},
    {file = "black-22.8.0-cp38-cp38-manylinux_2_17_x86_64.manylinux2014_x86_64.whl", hash = "sha256:c3a73f66b6d5ba7288cd5d6dad9b4c9b43f4e8a4b789a94bf5abfb878c663eb3"},
    {file = "black-22.8.0-cp38-cp38-win_amd64.whl", hash = "sha256:e981e20ec152dfb3e77418fb616077937378b322d7b26aa1ff87717fb18b4875"},
    {file = "black-22.8.0-cp39-cp39-macosx_10_9_universal2.whl", hash = "sha256:8ce13ffed7e66dda0da3e0b2eb1bdfc83f5812f66e09aca2b0978593ed636b6c"},
    {file = "black-22.8.0-cp39-cp39-macosx_10_9_x86_64.whl", hash = "sha256:32a4b17f644fc288c6ee2bafdf5e3b045f4eff84693ac069d87b1a347d861497"},
    {file = "black-22.8.0-cp39-cp39-macosx_11_0_arm64.whl", hash = "sha256:0ad827325a3a634bae88ae7747db1a395d5ee02cf05d9aa7a9bd77dfb10e940c"},
    {file = "black-22.8.0-cp39-cp39-manylinux_2_17_x86_64.manylinux2014_x86_64.whl", hash = "sha256:53198e28a1fb865e9fe97f88220da2e44df6da82b18833b588b1883b16bb5d41"},
    {file = "black-22.8.0-cp39-cp39-win_amd64.whl", hash = "sha256:bc4d4123830a2d190e9cc42a2e43570f82ace35c3aeb26a512a2102bce5af7ec"},
    {file = "black-22.8.0-py3-none-any.whl", hash = "sha256:d2c21d439b2baf7aa80d6dd4e3659259be64c6f49dfd0f32091063db0e006db4"},
    {file = "black-22.8.0.tar.gz", hash = "sha256:792f7eb540ba9a17e8656538701d3eb1afcb134e3b45b71f20b25c77a8db7e6e"},
]
click = [
    {file = "click-8.1.3-py3-none-any.whl", hash = "sha256:bb4d8133cb15a609f44e8213d9b391b0809795062913b383c62be0ee95b1db48"},
    {file = "click-8.1.3.tar.gz", hash = "sha256:7682dc8afb30297001674575ea00d1814d808d6a36af415a82bd481d37ba7b8e"},
]
colorama = [
    {file = "colorama-0.4.5-py2.py3-none-any.whl", hash = "sha256:854bf444933e37f5824ae7bfc1e98d5bce2ebe4160d46b5edf346a89358e99da"},
    {file = "colorama-0.4.5.tar.gz", hash = "sha256:e6c6b4334fc50988a639d9b98aa429a0b57da6e17b9a44f0451f930b6967b7a4"},
]
contractions = [
    {file = "contractions-0.1.72-py2.py3-none-any.whl", hash = "sha256:429e9a73fe571f878761eb873e00c0f68fae8a6c9f57ece54a55d81ad7956a13"},
    {file = "contractions-0.1.72.tar.gz", hash = "sha256:e742777abb6cd2e1bb3db553544cc6d19d3838645fb225c035f66ac0e2374077"},
]
inquirerpy = [
    {file = "InquirerPy-0.3.4-py3-none-any.whl", hash = "sha256:c65fdfbac1fa00e3ee4fb10679f4d3ed7a012abf4833910e63c295827fe2a7d4"},
    {file = "InquirerPy-0.3.4.tar.gz", hash = "sha256:89d2ada0111f337483cb41ae31073108b2ec1e618a49d7110b0d7ade89fc197e"},
]
isort = [
    {file = "isort-5.10.1-py3-none-any.whl", hash = "sha256:6f62d78e2f89b4500b080fe3a81690850cd254227f27f75c3a0c491a1f351ba7"},
    {file = "isort-5.10.1.tar.gz", hash = "sha256:e8443a5e7a020e9d7f97f1d7d9cd17c88bcb3bc7e218bf9cf5095fe550be2951"},
]
joblib = [
    {file = "joblib-1.1.0-py2.py3-none-any.whl", hash = "sha256:f21f109b3c7ff9d95f8387f752d0d9c34a02aa2f7060c2135f465da0e5160ff6"},
    {file = "joblib-1.1.0.tar.gz", hash = "sha256:4158fcecd13733f8be669be0683b96ebdbbd38d23559f54dca7205aea1bf1e35"},
]
mypy-extensions = [
    {file = "mypy_extensions-0.4.3-py2.py3-none-any.whl", hash = "sha256:090fedd75945a69ae91ce1303b5824f428daf5a028d2f6ab8a299250a846f15d"},
    {file = "mypy_extensions-0.4.3.tar.gz", hash = "sha256:2d82818f5bb3e369420cb3c4060a7970edba416647068eb4c5343488a6c604a8"},
]
nltk = [
    {file = "nltk-3.7-py3-none-any.whl", hash = "sha256:ba3de02490308b248f9b94c8bc1ac0683e9aa2ec49ee78536d8667afb5e3eec8"},
    {file = "nltk-3.7.zip", hash = "sha256:d6507d6460cec76d70afea4242a226a7542f85c669177b9c7f562b7cf1b05502"},
]
pathspec = [
    {file = "pathspec-0.10.1-py3-none-any.whl", hash = "sha256:46846318467efc4556ccfd27816e004270a9eeeeb4d062ce5e6fc7a87c573f93"},
    {file = "pathspec-0.10.1.tar.gz", hash = "sha256:7ace6161b621d31e7902eb6b5ae148d12cfd23f4a249b9ffb6b9fee12084323d"},
]
pfzy = [
    {file = "pfzy-0.3.4-py3-none-any.whl", hash = "sha256:5f50d5b2b3207fa72e7ec0ef08372ef652685470974a107d0d4999fc5a903a96"},
    {file = "pfzy-0.3.4.tar.gz", hash = "sha256:717ea765dd10b63618e7298b2d98efd819e0b30cd5905c9707223dceeb94b3f1"},
]
platformdirs = [
    {file = "platformdirs-2.5.2-py3-none-any.whl", hash = "sha256:027d8e83a2d7de06bbac4e5ef7e023c02b863d7ea5d079477e722bb41ab25788"},
    {file = "platformdirs-2.5.2.tar.gz", hash = "sha256:58c8abb07dcb441e6ee4b11d8df0ac856038f944ab98b7be6b27b2a3c7feef19"},
]
prompt-toolkit = [
    {file = "prompt_toolkit-3.0.31-py3-none-any.whl", hash = "sha256:9696f386133df0fc8ca5af4895afe5d78f5fcfe5258111c2a79a1c3e41ffa96d"},
    {file = "prompt_toolkit-3.0.31.tar.gz", hash = "sha256:9ada952c9d1787f52ff6d5f3484d0b4df8952787c087edf6a1f7c2cb1ea88148"},
]
pyahocorasick = [
    {file = "pyahocorasick-1.4.4-cp310-cp310-macosx_10_9_x86_64.whl", hash = "sha256:8d46bbb579205a73adee0a8ec73667e6fb5b4b92f9d837f8a9eedb69c2f5a252"},
    {file = "pyahocorasick-1.4.4-cp310-cp310-manylinux_2_17_x86_64.manylinux2014_x86_64.whl", hash = "sha256:8dfa16ea7ad3297f925964d6fb5553cb6c365b224c6dd749cf0e6cdf91fc2212"},
    {file = "pyahocorasick-1.4.4-cp310-cp310-manylinux_2_5_i686.manylinux1_i686.manylinux_2_17_i686.manylinux2014_i686.whl", hash = "sha256:737d331377936fb229529e830d9a654623d7714e8823bfa49433ae7158f0d01c"},
    {file = "pyahocorasick-1.4.4-cp310-cp310-musllinux_1_1_i686.whl", hash = "sha256:8fa7618f1fef1c25f4f375a4c2c7c24ba3aa300eff48c732c0035f2f9750b29b"},
    {file = "pyahocorasick-1.4.4-cp310-cp310-musllinux_1_1_x86_64.whl", hash = "sha256:e3cdeda23a1b2530b787440b0d22ba8f10a3e424b1c53d00ed963d68941fcbb7"},
    {file = "pyahocorasick-1.4.4-cp310-cp310-win32.whl", hash = "sha256:0bc164eeebac0bfee721aef74843a566247fe85ea05bd30a51ede91a9786156c"},
    {file = "pyahocorasick-1.4.4-cp310-cp310-win_amd64.whl", hash = "sha256:35d45492ebd1248f15f8e7500114a8156de63d45c9e6a675ab53b717bfb94bd2"},
    {file = "pyahocorasick-1.4.4-cp36-cp36m-macosx_10_9_x86_64.whl", hash = "sha256:7cf4d08e10ab7ad136654b237a0b8f1df982df2c5a6f77ef90316731797855db"},
    {file = "pyahocorasick-1.4.4-cp36-cp36m-manylinux_2_17_x86_64.manylinux2014_x86_64.whl", hash = "sha256:f842c8f37d360f34a06c31f19d1b42e6404b48b49a8dffbed2ec6089ce78cca7"},
    {file = "pyahocorasick-1.4.4-cp36-cp36m-manylinux_2_5_i686.manylinux1_i686.manylinux_2_17_i686.manylinux2014_i686.whl", hash = "sha256:cf96ecf2ae36e9aad4693e48457a7b97dc3b4cd793275c85924850aafa5b5c38"},
    {file = "pyahocorasick-1.4.4-cp36-cp36m-musllinux_1_1_i686.whl", hash = "sha256:50d88355ac8ef495a582615d639bb80712505d2d8cdadfb93b9123063a3ae23a"},
    {file = "pyahocorasick-1.4.4-cp36-cp36m-musllinux_1_1_x86_64.whl", hash = "sha256:04d73bec7d1289378f5948f7f1d68b94c1b4d2a29d7e26ac9085ad403cc4e739"},
    {file = "pyahocorasick-1.4.4-cp36-cp36m-win32.whl", hash = "sha256:e2fe9dc5114c0778234a96ba11807681ccf38fe92bdf2d70d69e701533c51cab"},
    {file = "pyahocorasick-1.4.4-cp36-cp36m-win_amd64.whl", hash = "sha256:e6eee473787ca1dc49b4f94a62b5456251f6976141da60ea0e006507eb0f11b8"},
    {file = "pyahocorasick-1.4.4-cp37-cp37m-macosx_10_9_x86_64.whl", hash = "sha256:12aabdadc3354da6d846186629c80e52fe9b021bdc01e5d5718ca197441e121f"},
    {file = "pyahocorasick-1.4.4-cp37-cp37m-manylinux_2_17_x86_64.manylinux2014_x86_64.whl", hash = "sha256:f46bc7b8ec0e0cee499c5066684397ac93ed8c2ca4529d396ceda775ce05a445"},
    {file = "pyahocorasick-1.4.4-cp37-cp37m-manylinux_2_5_i686.manylinux1_i686.manylinux_2_17_i686.manylinux2014_i686.whl", hash = "sha256:67bac0152c08d8cf40b738e011c36d8fab99f0610f5e709eb4929dd8be2a781d"},
    {file = "pyahocorasick-1.4.4-cp37-cp37m-musllinux_1_1_i686.whl", hash = "sha256:3b20cc27c03c84f7a5d305012f302d0e7b3faa43ab02da665bb11b60135a1dd3"},
    {file = "pyahocorasick-1.4.4-cp37-cp37m-musllinux_1_1_x86_64.whl", hash = "sha256:e3d7f2c7a0442540f373d0bf13d19d5d213136e217d050010da705afd09c3a00"},
    {file = "pyahocorasick-1.4.4-cp37-cp37m-win32.whl", hash = "sha256:1ab503f0bff5537ef3da37681cfd52a3f964553f69eef561bd157b70b4aedf84"},
    {file = "pyahocorasick-1.4.4-cp37-cp37m-win_amd64.whl", hash = "sha256:ab84c9425eb245c1baa2f91218c977561e01b700773ee232389222458a32316e"},
    {file = "pyahocorasick-1.4.4-cp38-cp38-macosx_10_9_x86_64.whl", hash = "sha256:df422bf5c50115c58cdb972e9086d99bdd34367c56ba8827a939c8cc973f17d8"},
    {file = "pyahocorasick-1.4.4-cp38-cp38-manylinux_2_17_x86_64.manylinux2014_x86_64.whl", hash = "sha256:23cf21893b6ba3b47637f007c1e355c45726b98cd9cf473ea6dc706c47332646"},
    {file = "pyahocorasick-1.4.4-cp38-cp38-manylinux_2_5_i686.manylinux1_i686.manylinux_2_17_i686.manylinux2014_i686.whl", hash = "sha256:bee494e54939b737e4e44a04cbdbcfdf9b62c8bd762c05d435f4a7883dae8a94"},
    {file = "pyahocorasick-1.4.4-cp38-cp38-musllinux_1_1_i686.whl", hash = "sha256:e61994166562e8460115aa5a57fb0aafa852a173f4207a1a1381ba4322adf174"},
    {file = "pyahocorasick-1.4.4-cp38-cp38-musllinux_1_1_x86_64.whl", hash = "sha256:8fea989f2802eae1aacf26b817e4d532fe9f42434b49ddbff38b412bdeb763ac"},
    {file = "pyahocorasick-1.4.4-cp38-cp38-win32.whl", hash = "sha256:31108e1cdf055acb9d0ba5e302926bf4e904db61dfbaa08c4d40284802950414"},
    {file = "pyahocorasick-1.4.4-cp38-cp38-win_amd64.whl", hash = "sha256:4f37a464dbf4f091560a02e135f917259fde6c0a43f6cdf5558480a102bc1843"},
    {file = "pyahocorasick-1.4.4-cp39-cp39-macosx_10_9_x86_64.whl", hash = "sha256:c13190af4dd382c915ca37f173a407736be4dc1912d834bbc6555a79a2e6c9e2"},
    {file = "pyahocorasick-1.4.4-cp39-cp39-manylinux_2_17_x86_64.manylinux2014_x86_64.whl", hash = "sha256:9b1b7ba6d9c717bb6d7310ab8185f739ff416b8c9323d8adf7b5bbbf48e2e775"},
    {file = "pyahocorasick-1.4.4-cp39-cp39-manylinux_2_5_i686.manylinux1_i686.manylinux_2_17_i686.manylinux2014_i686.whl", hash = "sha256:38172bfa186da136cadc7438946d0d6d4fc1d64f62cad4d1a3038c20b37d5182"},
    {file = "pyahocorasick-1.4.4-cp39-cp39-musllinux_1_1_i686.whl", hash = "sha256:94894f5794b9e62a4c7b47a4fd3dc85bae952fe2b220396a627fae74b3eb7ad0"},
    {file = "pyahocorasick-1.4.4-cp39-cp39-musllinux_1_1_x86_64.whl", hash = "sha256:89085980232cc9cd2da2466a8a6232b0e1ff196ef275b2ed4e866941b35bf775"},
    {file = "pyahocorasick-1.4.4-cp39-cp39-win32.whl", hash = "sha256:ef24ec2b11a09e0aba1f2a9c47f3c07444771a8b8def672713f79901509ed6b7"},
    {file = "pyahocorasick-1.4.4-cp39-cp39-win_amd64.whl", hash = "sha256:062c5ac842e3fe51f231ada754acb1e5ad986cd28a2181c9a22b21268e22f8c7"},
    {file = "pyahocorasick-1.4.4.tar.gz", hash = "sha256:32545cad135660ceef556f1d987aee3206e00096735405d7a8de84eb0a15bb27"},
]
pyspellchecker = [
    {file = "pyspellchecker-0.7.0-py3-none-any.whl", hash = "sha256:c0332adc4bfb41a3bf440d93d3b949e54568153b49c9c6705a6599e7bed5e6d6"},
    {file = "pyspellchecker-0.7.0.tar.gz", hash = "sha256:cca6c32428ee388d15b1b87e94afc3bf94fb1862ba848a3b449becd629d26ad3"},
]
regex = [
    {file = "regex-2022.8.17-cp310-cp310-macosx_10_9_x86_64.whl", hash = "sha256:840063aa8eeb1dda07d7d7dee15648838bffef1d415f5f79061854a182a429aa"},
    {file = "regex-2022.8.17-cp310-cp310-macosx_11_0_arm64.whl", hash = "sha256:1df31eaf147ecff3665ba861acb8f78221cd5501df072c9151dfa341dd24599f"},
    {file = "regex-2022.8.17-cp310-cp310-manylinux_2_17_aarch64.manylinux2014_aarch64.whl", hash = "sha256:085ca3dc9360c0210e0a70e5d34d66454a06077644e7679fef6358b1f053e62e"},
    {file = "regex-2022.8.17-cp310-cp310-manylinux_2_17_ppc64le.manylinux2014_ppc64le.whl", hash = "sha256:21b6f939916aa61beea56393ebc8a9999060632ac22b8193c2cb67d6fd7cb2c3"},
    {file = "regex-2022.8.17-cp310-cp310-manylinux_2_17_s390x.manylinux2014_s390x.whl", hash = "sha256:0a9d5a64e974bc5f160f30f76aaf993d49eeddb405676be6bf76a5a2c131e185"},
    {file = "regex-2022.8.17-cp310-cp310-manylinux_2_17_x86_64.manylinux2014_x86_64.whl", hash = "sha256:d13bd83284b46c304eb10de93f8a3f2c80361f91f4e8a4e1273caf83e16c4409"},
    {file = "regex-2022.8.17-cp310-cp310-manylinux_2_5_i686.manylinux1_i686.manylinux_2_17_i686.manylinux2014_i686.whl", hash = "sha256:7a52d547259495a53e61e37ffc6d5cecf8d298aeb1bc0d9b25289d65ddb31183"},
    {file = "regex-2022.8.17-cp310-cp310-manylinux_2_5_x86_64.manylinux1_x86_64.manylinux_2_12_x86_64.manylinux2010_x86_64.whl", hash = "sha256:be6f5b453f7ed2219a9555bb6840663950b9ab1dc034216f68eac64db66633c2"},
    {file = "regex-2022.8.17-cp310-cp310-musllinux_1_1_aarch64.whl", hash = "sha256:a1e283ad918df44bad3ccf042c2fe283c63d17617570eb91b8c370ef677b0b83"},
    {file = "regex-2022.8.17-cp310-cp310-musllinux_1_1_i686.whl", hash = "sha256:5d541bc430a74c787684d1ebcd205a5212a88c3de73848143e77489b2c25b911"},
    {file = "regex-2022.8.17-cp310-cp310-musllinux_1_1_ppc64le.whl", hash = "sha256:c78c72f7878071a78337510ec78ab856d60b4bdcd3a95fd68b939e7cb30434b3"},
    {file = "regex-2022.8.17-cp310-cp310-musllinux_1_1_s390x.whl", hash = "sha256:6b30c8d299ba48ee919064628fd8bc296bdc6e4827d315491bea39437130d3e1"},
    {file = "regex-2022.8.17-cp310-cp310-musllinux_1_1_x86_64.whl", hash = "sha256:02b6dc102123f5178796dcdb5a90f6e88895607fd1a1d115d8de1af8161ca2b4"},
    {file = "regex-2022.8.17-cp310-cp310-win32.whl", hash = "sha256:5f14430535645712f546f1e07013507d1cc0c8abd851811dacce8c7fb584bf52"},
    {file = "regex-2022.8.17-cp310-cp310-win_amd64.whl", hash = "sha256:c4f6609f6e867a58cdf173e1cbe1f3736d25962108bd5cb01ad5a130875ff2c8"},
    {file = "regex-2022.8.17-cp36-cp36m-macosx_10_9_x86_64.whl", hash = "sha256:4dad9d68574e93e1e23be53b4ecfb0f083bd5cc08cc7f1984a4ee3ebf12aa446"},
    {file = "regex-2022.8.17-cp36-cp36m-manylinux_2_17_aarch64.manylinux2014_aarch64.whl", hash = "sha256:62d56a9d3c1e5a83076db4da060dad7ea35ac2f3cbd3c53ba5a51fe0caedb500"},
    {file = "regex-2022.8.17-cp36-cp36m-manylinux_2_17_ppc64le.manylinux2014_ppc64le.whl", hash = "sha256:61f6966371fa1cbf26c6209771a02bef80336cdaca0c0af4dfa33d51019c0b93"},
    {file = "regex-2022.8.17-cp36-cp36m-manylinux_2_17_s390x.manylinux2014_s390x.whl", hash = "sha256:c76dd2c0615a28de21c97f9f6862e84faef58ff4d700196b4e395ef6a52291e4"},
    {file = "regex-2022.8.17-cp36-cp36m-manylinux_2_17_x86_64.manylinux2014_x86_64.whl", hash = "sha256:370b1d7aed26e29915c3fb3e72e327f194824a76cedb60c0b9f6c6af53e89d72"},
    {file = "regex-2022.8.17-cp36-cp36m-manylinux_2_5_i686.manylinux1_i686.manylinux_2_17_i686.manylinux2014_i686.whl", hash = "sha256:634f090a388351eadf1dcc1d168a190718fb68efb4b8fdc1b119cf837ca01905"},
    {file = "regex-2022.8.17-cp36-cp36m-manylinux_2_5_x86_64.manylinux1_x86_64.manylinux_2_12_x86_64.manylinux2010_x86_64.whl", hash = "sha256:79f34d5833cd0d53ecf48bc030e4da3216bd4846224d17eeb64509be5cb098fd"},
    {file = "regex-2022.8.17-cp36-cp36m-musllinux_1_1_aarch64.whl", hash = "sha256:b7ddecc80e87acf12c2cf12bf3721def47188c403f04e706f104b5e71fed2f31"},
    {file = "regex-2022.8.17-cp36-cp36m-musllinux_1_1_i686.whl", hash = "sha256:6f62c8a59f6b8e608880c61b138ae22668184bc266b025d33200dcf2cebe0872"},
    {file = "regex-2022.8.17-cp36-cp36m-musllinux_1_1_ppc64le.whl", hash = "sha256:95fb62a3980cf43e76c2fe95edab06ec70dc495b8aa660975eb9f0b2ffdae1e1"},
    {file = "regex-2022.8.17-cp36-cp36m-musllinux_1_1_s390x.whl", hash = "sha256:0de0ce11c0835e1117eacbfe8fa6fa98dc0e8e746b486735cb0fdebe46a02222"},
    {file = "regex-2022.8.17-cp36-cp36m-musllinux_1_1_x86_64.whl", hash = "sha256:abe1adb32e2535aaa171e8b2b2d3f083f863c9974a3e6e7dae6bf4827fc8b983"},
    {file = "regex-2022.8.17-cp36-cp36m-win32.whl", hash = "sha256:6059ae91667932d256d9dc03abd3512ebcade322b3a42d1b8354bd1db7f66dcc"},
    {file = "regex-2022.8.17-cp36-cp36m-win_amd64.whl", hash = "sha256:6af38997f178889d417851bae8fb5c00448f7405cfcab38734d771f1dd5d5973"},
    {file = "regex-2022.8.17-cp37-cp37m-macosx_10_9_x86_64.whl", hash = "sha256:cfa62063c5eafb04e4435459ce15746b4ae6c14efeae8f16bd0e3d2895dad698"},
    {file = "regex-2022.8.17-cp37-cp37m-manylinux_2_17_aarch64.manylinux2014_aarch64.whl", hash = "sha256:64ecfcc386420192fbe98fdde777d993f7f2dfec9552e4f4024d3447d3a3e637"},
    {file = "regex-2022.8.17-cp37-cp37m-manylinux_2_17_ppc64le.manylinux2014_ppc64le.whl", hash = "sha256:5910bb355f9517309f77101238dbacb7151ede3434a2f1fad26ecc62f13d8324"},
    {file = "regex-2022.8.17-cp37-cp37m-manylinux_2_17_s390x.manylinux2014_s390x.whl", hash = "sha256:ae85112da2d826b65aa7c7369c56ca41d9a89644312172979cbee5cf788e0b09"},
    {file = "regex-2022.8.17-cp37-cp37m-manylinux_2_17_x86_64.manylinux2014_x86_64.whl", hash = "sha256:6f0c8807bac16984901c0573725bad786f2f004f9bd5df8476c6431097b6c5b3"},
    {file = "regex-2022.8.17-cp37-cp37m-manylinux_2_5_i686.manylinux1_i686.manylinux_2_17_i686.manylinux2014_i686.whl", hash = "sha256:53c9eca0d6070a8a3de42182ad26daf90ba12132eb74a2f45702332762aff84e"},
    {file = "regex-2022.8.17-cp37-cp37m-manylinux_2_5_x86_64.manylinux1_x86_64.manylinux_2_12_x86_64.manylinux2010_x86_64.whl", hash = "sha256:e37886929ee83a5fa5c73164abada00e7f3cc1cbf3f8f6e1e8cfecae9d6cfc47"},
    {file = "regex-2022.8.17-cp37-cp37m-musllinux_1_1_aarch64.whl", hash = "sha256:b3379a83dc63fe06538c751961f9ed730b5d7f08f96a57bbad8d52db5820df1f"},
    {file = "regex-2022.8.17-cp37-cp37m-musllinux_1_1_i686.whl", hash = "sha256:3d3d769b3d485b28d6a591b46723dbacc696e6503f48a3ef52e6fc2c90edb482"},
    {file = "regex-2022.8.17-cp37-cp37m-musllinux_1_1_ppc64le.whl", hash = "sha256:fafed60103132e74cdfbd651abe94801eb87a9765ce275b3dca9af8f3e06622a"},
    {file = "regex-2022.8.17-cp37-cp37m-musllinux_1_1_s390x.whl", hash = "sha256:14750172c0a616140a8f496dfef28ed24080e87d06d5838e008f959ad307a8c5"},
    {file = "regex-2022.8.17-cp37-cp37m-musllinux_1_1_x86_64.whl", hash = "sha256:3aafbbf5076f2a48bcf31ceb42b410323daaa0ddb42544640592957bc906ace6"},
    {file = "regex-2022.8.17-cp37-cp37m-win32.whl", hash = "sha256:74d4aabd612d32282f3cb3ebb4436046fb840d25c754157a755bc9f66e7cd307"},
    {file = "regex-2022.8.17-cp37-cp37m-win_amd64.whl", hash = "sha256:4bd9443f7ff6e6288dd4496215c5d903f851e55cbc09d5963587af0c6d565a0a"},
    {file = "regex-2022.8.17-cp38-cp38-macosx_10_9_x86_64.whl", hash = "sha256:b3c7c6c4aac19b964c1d12784aecae7f0315314640b0f41dd6f0d4e2bf439072"},
    {file = "regex-2022.8.17-cp38-cp38-macosx_11_0_arm64.whl", hash = "sha256:bbaf6785d3f1cd3e617b9d0fb3c5528023ef7bc7cc1356234801dc1941df8ce9"},
    {file = "regex-2022.8.17-cp38-cp38-manylinux_2_17_aarch64.manylinux2014_aarch64.whl", hash = "sha256:3d83fd6dd4263595d0e4f595d4abd54397cbed52c0147f7dd148a7b72910301e"},
    {file = "regex-2022.8.17-cp38-cp38-manylinux_2_17_ppc64le.manylinux2014_ppc64le.whl", hash = "sha256:1b6d2c579ffdcbb3d93f63b6a7f697364594e1c1b6856958b3e61e3ca22c140a"},
    {file = "regex-2022.8.17-cp38-cp38-manylinux_2_17_s390x.manylinux2014_s390x.whl", hash = "sha256:8e8ec94d1b1a0a297c2c69a0bf000baf9a79607ca0c084f577f811a9b447c319"},
    {file = "regex-2022.8.17-cp38-cp38-manylinux_2_17_x86_64.manylinux2014_x86_64.whl", hash = "sha256:4bdfd016ab12c4075ef93f025b3cf4c8962b9b7a5e52bb7039ab64cb7755930c"},
    {file = "regex-2022.8.17-cp38-cp38-manylinux_2_5_i686.manylinux1_i686.manylinux_2_17_i686.manylinux2014_i686.whl", hash = "sha256:cb0c9a1476d279524538ba9a00ecec9eadcef31a6a60b2c8bd2f29f62044a559"},
    {file = "regex-2022.8.17-cp38-cp38-manylinux_2_5_x86_64.manylinux1_x86_64.manylinux_2_12_x86_64.manylinux2010_x86_64.whl", hash = "sha256:25bffa248b99b53a61b1f20fc7d19f711e38e9f0bc90d44c26670f8dc282ad7d"},
    {file = "regex-2022.8.17-cp38-cp38-musllinux_1_1_aarch64.whl", hash = "sha256:0843cc977b9cc00eb2299b624db6481d25e7f5b093f7a7c2bb727028d4a26eda"},
    {file = "regex-2022.8.17-cp38-cp38-musllinux_1_1_i686.whl", hash = "sha256:4e12a3c2d4781ee5d03f229c940934fa1e4ea4f4995e68ab97a2815b139e0804"},
    {file = "regex-2022.8.17-cp38-cp38-musllinux_1_1_ppc64le.whl", hash = "sha256:dc32029b9cc784a529f9201289d4f841cc24a2ae3126a112cd467bc41bbc2f10"},
    {file = "regex-2022.8.17-cp38-cp38-musllinux_1_1_s390x.whl", hash = "sha256:4c6554073e3e554fbb3dff88376ada3da32ca789ea1b9e381f684d49ddb61199"},
    {file = "regex-2022.8.17-cp38-cp38-musllinux_1_1_x86_64.whl", hash = "sha256:2ada67e02fa3fcca9e3b90cf24c2c6bc77f0abc126209937956aea10eeba40c7"},
    {file = "regex-2022.8.17-cp38-cp38-win32.whl", hash = "sha256:1418d3506a9582b23a27373f125ea2b0da523c581e7cf678a6f036254d134faa"},
    {file = "regex-2022.8.17-cp38-cp38-win_amd64.whl", hash = "sha256:2c198921afc811bc0f105c6e5150fbdebf9520c9b7d43cfc0ab156ca97f506d7"},
    {file = "regex-2022.8.17-cp39-cp39-macosx_10_9_x86_64.whl", hash = "sha256:7658d2dfc1dabfb008ffe12ae47b98559e2aedd8237bee12f5aafb74d90479e3"},
    {file = "regex-2022.8.17-cp39-cp39-macosx_11_0_arm64.whl", hash = "sha256:242f546fc5e49bb7395624ac3b4fc168bf454e11ace9804c58c4c3a90d84e38f"},
    {file = "regex-2022.8.17-cp39-cp39-manylinux_2_17_aarch64.manylinux2014_aarch64.whl", hash = "sha256:f7b88bc7306136b123fd1a9beed16ca02900ee31d1c36e73fa33d9e525a5562d"},
    {file = "regex-2022.8.17-cp39-cp39-manylinux_2_17_ppc64le.manylinux2014_ppc64le.whl", hash = "sha256:2240fce3af236e4586a045c1be8bbf16c4f8831e68b7df918b72fc31a80143be"},
    {file = "regex-2022.8.17-cp39-cp39-manylinux_2_17_s390x.manylinux2014_s390x.whl", hash = "sha256:e0b55651db770b4b5a6c7d015f24d1a6ede307296bbdf0c47fc5f6a6adc7abee"},
    {file = "regex-2022.8.17-cp39-cp39-manylinux_2_17_x86_64.manylinux2014_x86_64.whl", hash = "sha256:9668da78bcc219542467f51c2cd01894222be6aceec4b5efb806705900b794d8"},
    {file = "regex-2022.8.17-cp39-cp39-manylinux_2_5_i686.manylinux1_i686.manylinux_2_17_i686.manylinux2014_i686.whl", hash = "sha256:5e7c8f9f8824143c219dd93cdc733c20d2c12f154034c89bcb4911db8e45bd92"},
    {file = "regex-2022.8.17-cp39-cp39-manylinux_2_5_x86_64.manylinux1_x86_64.manylinux_2_12_x86_64.manylinux2010_x86_64.whl", hash = "sha256:c2b6404631b22617b5127c6de2355393ccda693ca733a098b6802e7dabb3457a"},
    {file = "regex-2022.8.17-cp39-cp39-musllinux_1_1_aarch64.whl", hash = "sha256:45cb798095b886e4df6ff4a1f7661eb70620ccdef127e3c3e00a1aaa22d30e53"},
    {file = "regex-2022.8.17-cp39-cp39-musllinux_1_1_i686.whl", hash = "sha256:777ceea2860a48e9e362a4e2a9a691782ea97bd05c24627c92e876fdd2c22e61"},
    {file = "regex-2022.8.17-cp39-cp39-musllinux_1_1_ppc64le.whl", hash = "sha256:99a7c5786de9e92ff5ffee2e8bed745f5d25495206f3f14656c379031e518334"},
    {file = "regex-2022.8.17-cp39-cp39-musllinux_1_1_s390x.whl", hash = "sha256:d76e585368388d99ddd2f95989e6ac80a8fe23115e93931faad99fa34550612f"},
    {file = "regex-2022.8.17-cp39-cp39-musllinux_1_1_x86_64.whl", hash = "sha256:a25d251546acb5edb1635631c4ae0e330fa4ec7c6316c01d256728fbfb9bbff2"},
    {file = "regex-2022.8.17-cp39-cp39-win32.whl", hash = "sha256:fac611bde2609a46fcbd92da7171286faa2f5c191f84d22f61cd7dc27213f51d"},
    {file = "regex-2022.8.17-cp39-cp39-win_amd64.whl", hash = "sha256:ccb986e80674c929f198464bce55e995178dea26833421e2479ff04a6956afac"},
    {file = "regex-2022.8.17.tar.gz", hash = "sha256:5c77eab46f3a2b2cd8bbe06467df783543bf7396df431eb4a144cc4b89e9fb3c"},
]
termcolor-whl = [
    {file = "termcolor_whl-1.1.2-py2.py3-none-any.whl", hash = "sha256:3e7eda7348bb90ddea2d7a2171df65ed4a37adf62574fbd5459198410fdba881"},
]
textsearch = [
    {file = "textsearch-0.0.24-py2.py3-none-any.whl", hash = "sha256:1bbc4cc36300fbf0bbaa865500f84e907c85f6a48faf37da6e098407b405ed09"},
    {file = "textsearch-0.0.24.tar.gz", hash = "sha256:2d23b5c3116715b65bccc18bc870ecc236ec8480d48cd5f257cc60bf66bb241a"},
]
tomli = [
    {file = "tomli-2.0.1-py3-none-any.whl", hash = "sha256:939de3e7a6161af0c887ef91b7d41a53e7c5a1ca976325f429cb46ea9bc30ecc"},
    {file = "tomli-2.0.1.tar.gz", hash = "sha256:de526c12914f0c550d15924c62d72abc48d6fe7364aa87328337a31007fe8a4f"},
]
tqdm = [
    {file = "tqdm-4.64.1-py2.py3-none-any.whl", hash = "sha256:6fee160d6ffcd1b1c68c65f14c829c22832bc401726335ce92c52d395944a6a1"},
    {file = "tqdm-4.64.1.tar.gz", hash = "sha256:5f4f682a004951c1b450bc753c710e9280c5746ce6ffedee253ddbcbf54cf1e4"},
]
typer = [
    {file = "typer-0.6.1-py3-none-any.whl", hash = "sha256:54b19e5df18654070a82f8c2aa1da456a4ac16a2a83e6dcd9f170e291c56338e"},
    {file = "typer-0.6.1.tar.gz", hash = "sha256:2d5720a5e63f73eaf31edaa15f6ab87f35f0690f8ca233017d7d23d743a91d73"},
]
typing-extensions = [
    {file = "typing_extensions-4.3.0-py3-none-any.whl", hash = "sha256:25642c956049920a5aa49edcdd6ab1e06d7e5d467fc00e0506c44ac86fbfca02"},
    {file = "typing_extensions-4.3.0.tar.gz", hash = "sha256:e6d2677a32f47fc7eb2795db1dd15c1f34eff616bcaf2cfb5e997f854fa1c4a6"},
]
wcwidth = [
    {file = "wcwidth-0.2.5-py2.py3-none-any.whl", hash = "sha256:beb4802a9cebb9144e99086eff703a642a13d6a0052920003a230f3294bbe784"},
    {file = "wcwidth-0.2.5.tar.gz", hash = "sha256:c4d647b99872929fdb7bdcaa4fbe7f01413ed3d98077df798530e5b04f116c83"},
]
yaspin = [
    {file = "yaspin-2.2.0-py3-none-any.whl", hash = "sha256:a6948034483cb263a467bef5a564eb35458e950fcade2cd7ad1d7d4339db4711"},
    {file = "yaspin-2.2.0.tar.gz", hash = "sha256:febdf35f3e0e45845dc2caa79a18780f9ec7a85a37a9a2c0389b314ba82d8912"},
]
